
Microsoft Visual Studio Solution File, Format Version 12.00
# Visual Studio Version 16
VisualStudioVersion = 16.0.29020.237
MinimumVisualStudioVersion = 10.0.40219.1
Project("{FAE04EC0-301F-11D3-BF4B-00C04F79EFBC}") = "ADO.Net", "ADO.Net\ADO.Net.csproj", "{6AFB1333-8AF7-4D0C-8537-5DCCB78D3DA4}"
EndProject
Global
	GlobalSection(SolutionConfigurationPlatforms) = preSolution
		Debug|Any CPU = Debug|Any CPU
		Release|Any CPU = Release|Any CPU
	EndGlobalSection
	GlobalSection(ProjectConfigurationPlatforms) = postSolution
		{6AFB1333-8AF7-4D0C-8537-5DCCB78D3DA4}.Debug|Any CPU.ActiveCfg = Debug|Any CPU
		{6AFB1333-8AF7-4D0C-8537-5DCCB78D3DA4}.Debug|Any CPU.Build.0 = Debug|Any CPU
		{6AFB1333-8AF7-4D0C-8537-5DCCB78D3DA4}.Release|Any CPU.ActiveCfg = Release|Any CPU
		{6AFB1333-8AF7-4D0C-8537-5DCCB78D3DA4}.Release|Any CPU.Build.0 = Release|Any CPU
	EndGlobalSection
	GlobalSection(SolutionProperties) = preSolution
		HideSolutionNode = FALSE
	EndGlobalSection
	GlobalSection(ExtensibilityGlobals) = postSolution
		SolutionGuid = {CD26E125-833B-48A8-8FA8-6BB6289BCE2D}
	EndGlobalSection
EndGlobal
