
Microsoft Visual Studio Solution File, Format Version 12.00
# Visual Studio Version 16
VisualStudioVersion = 16.0.29025.244
MinimumVisualStudioVersion = 10.0.40219.1
Project("{FAE04EC0-301F-11D3-BF4B-00C04F79EFBC}") = "Ogrenci", "Ogrenci\Ogrenci.csproj", "{271F7171-9384-4041-A35F-5A4FB5586ED6}"
EndProject
Global
	GlobalSection(SolutionConfigurationPlatforms) = preSolution
		Debug|Any CPU = Debug|Any CPU
		Release|Any CPU = Release|Any CPU
	EndGlobalSection
	GlobalSection(ProjectConfigurationPlatforms) = postSolution
		{271F7171-9384-4041-A35F-5A4FB5586ED6}.Debug|Any CPU.ActiveCfg = Debug|Any CPU
		{271F7171-9384-4041-A35F-5A4FB5586ED6}.Debug|Any CPU.Build.0 = Debug|Any CPU
		{271F7171-9384-4041-A35F-5A4FB5586ED6}.Release|Any CPU.ActiveCfg = Release|Any CPU
		{271F7171-9384-4041-A35F-5A4FB5586ED6}.Release|Any CPU.Build.0 = Release|Any CPU
	EndGlobalSection
	GlobalSection(SolutionProperties) = preSolution
		HideSolutionNode = FALSE
	EndGlobalSection
	GlobalSection(ExtensibilityGlobals) = postSolution
		SolutionGuid = {3A565FA3-F8EE-4617-BEB8-72E9365D63BD}
	EndGlobalSection
EndGlobal
