
Microsoft Visual Studio Solution File, Format Version 12.00
# Visual Studio Version 16
VisualStudioVersion = 16.0.29020.237
MinimumVisualStudioVersion = 10.0.40219.1
Project("{FAE04EC0-301F-11D3-BF4B-00C04F79EFBC}") = "CSSUYGULAMA", "CSSUYGULAMA\CSSUYGULAMA.csproj", "{EC2E746D-13E8-4269-94AA-C75FCB292804}"
EndProject
Global
	GlobalSection(SolutionConfigurationPlatforms) = preSolution
		Debug|Any CPU = Debug|Any CPU
		Release|Any CPU = Release|Any CPU
	EndGlobalSection
	GlobalSection(ProjectConfigurationPlatforms) = postSolution
		{EC2E746D-13E8-4269-94AA-C75FCB292804}.Debug|Any CPU.ActiveCfg = Debug|Any CPU
		{EC2E746D-13E8-4269-94AA-C75FCB292804}.Debug|Any CPU.Build.0 = Debug|Any CPU
		{EC2E746D-13E8-4269-94AA-C75FCB292804}.Release|Any CPU.ActiveCfg = Release|Any CPU
		{EC2E746D-13E8-4269-94AA-C75FCB292804}.Release|Any CPU.Build.0 = Release|Any CPU
	EndGlobalSection
	GlobalSection(SolutionProperties) = preSolution
		HideSolutionNode = FALSE
	EndGlobalSection
	GlobalSection(ExtensibilityGlobals) = postSolution
		SolutionGuid = {D7C50E91-D1F6-4123-9B99-4CC1EFEDF4D9}
	EndGlobalSection
EndGlobal
