
Microsoft Visual Studio Solution File, Format Version 12.00
# Visual Studio Version 16
VisualStudioVersion = 16.0.29324.140
MinimumVisualStudioVersion = 10.0.40219.1
Project("{FAE04EC0-301F-11D3-BF4B-00C04F79EFBC}") = "SingleResponsibility", "SingleResponsibility\SingleResponsibility.csproj", "{ADC4F723-2FD8-4607-8BC8-F6FF1B7D8DBA}"
EndProject
Project("{FAE04EC0-301F-11D3-BF4B-00C04F79EFBC}") = "OpenClosed", "OpenClosed\OpenClosed.csproj", "{724CF820-DD54-4B81-9207-CD5761366374}"
EndProject
Global
	GlobalSection(SolutionConfigurationPlatforms) = preSolution
		Debug|Any CPU = Debug|Any CPU
		Release|Any CPU = Release|Any CPU
	EndGlobalSection
	GlobalSection(ProjectConfigurationPlatforms) = postSolution
		{ADC4F723-2FD8-4607-8BC8-F6FF1B7D8DBA}.Debug|Any CPU.ActiveCfg = Debug|Any CPU
		{ADC4F723-2FD8-4607-8BC8-F6FF1B7D8DBA}.Debug|Any CPU.Build.0 = Debug|Any CPU
		{ADC4F723-2FD8-4607-8BC8-F6FF1B7D8DBA}.Release|Any CPU.ActiveCfg = Release|Any CPU
		{ADC4F723-2FD8-4607-8BC8-F6FF1B7D8DBA}.Release|Any CPU.Build.0 = Release|Any CPU
		{724CF820-DD54-4B81-9207-CD5761366374}.Debug|Any CPU.ActiveCfg = Debug|Any CPU
		{724CF820-DD54-4B81-9207-CD5761366374}.Debug|Any CPU.Build.0 = Debug|Any CPU
		{724CF820-DD54-4B81-9207-CD5761366374}.Release|Any CPU.ActiveCfg = Release|Any CPU
		{724CF820-DD54-4B81-9207-CD5761366374}.Release|Any CPU.Build.0 = Release|Any CPU
	EndGlobalSection
	GlobalSection(SolutionProperties) = preSolution
		HideSolutionNode = FALSE
	EndGlobalSection
	GlobalSection(ExtensibilityGlobals) = postSolution
		SolutionGuid = {A494301C-AE40-4D95-9F47-4608CE9146F9}
	EndGlobalSection
EndGlobal
