
Microsoft Visual Studio Solution File, Format Version 12.00
# Visual Studio Version 16
VisualStudioVersion = 16.0.29020.237
MinimumVisualStudioVersion = 10.0.40219.1
Project("{FAE04EC0-301F-11D3-BF4B-00C04F79EFBC}") = "WpfApp1", "WpfApp1\WpfApp1.csproj", "{C7B2A0DE-4AB4-4C86-9B10-72CAC30F8D88}"
EndProject
Global
	GlobalSection(SolutionConfigurationPlatforms) = preSolution
		Debug|Any CPU = Debug|Any CPU
		Release|Any CPU = Release|Any CPU
	EndGlobalSection
	GlobalSection(ProjectConfigurationPlatforms) = postSolution
		{C7B2A0DE-4AB4-4C86-9B10-72CAC30F8D88}.Debug|Any CPU.ActiveCfg = Debug|Any CPU
		{C7B2A0DE-4AB4-4C86-9B10-72CAC30F8D88}.Debug|Any CPU.Build.0 = Debug|Any CPU
		{C7B2A0DE-4AB4-4C86-9B10-72CAC30F8D88}.Release|Any CPU.ActiveCfg = Release|Any CPU
		{C7B2A0DE-4AB4-4C86-9B10-72CAC30F8D88}.Release|Any CPU.Build.0 = Release|Any CPU
	EndGlobalSection
	GlobalSection(SolutionProperties) = preSolution
		HideSolutionNode = FALSE
	EndGlobalSection
	GlobalSection(ExtensibilityGlobals) = postSolution
		SolutionGuid = {99F1EC13-D518-4E82-A917-A5F2AE9FD493}
	EndGlobalSection
EndGlobal
