
Microsoft Visual Studio Solution File, Format Version 12.00
# Visual Studio Version 16
VisualStudioVersion = 16.0.29020.237
MinimumVisualStudioVersion = 10.0.40219.1
Project("{FAE04EC0-301F-11D3-BF4B-00C04F79EFBC}") = "SportStore", "SportStore\SportStore.csproj", "{8AE8CC06-A5DC-4C8F-B731-430ECC0957E3}"
EndProject
Global
	GlobalSection(SolutionConfigurationPlatforms) = preSolution
		Debug|Any CPU = Debug|Any CPU
		Release|Any CPU = Release|Any CPU
	EndGlobalSection
	GlobalSection(ProjectConfigurationPlatforms) = postSolution
		{8AE8CC06-A5DC-4C8F-B731-430ECC0957E3}.Debug|Any CPU.ActiveCfg = Debug|Any CPU
		{8AE8CC06-A5DC-4C8F-B731-430ECC0957E3}.Debug|Any CPU.Build.0 = Debug|Any CPU
		{8AE8CC06-A5DC-4C8F-B731-430ECC0957E3}.Release|Any CPU.ActiveCfg = Release|Any CPU
		{8AE8CC06-A5DC-4C8F-B731-430ECC0957E3}.Release|Any CPU.Build.0 = Release|Any CPU
	EndGlobalSection
	GlobalSection(SolutionProperties) = preSolution
		HideSolutionNode = FALSE
	EndGlobalSection
	GlobalSection(ExtensibilityGlobals) = postSolution
		SolutionGuid = {C844E145-55E8-4E8A-863D-054ED81FCD56}
	EndGlobalSection
EndGlobal
