
Microsoft Visual Studio Solution File, Format Version 12.00
# Visual Studio Version 16
VisualStudioVersion = 16.0.29020.237
MinimumVisualStudioVersion = 10.0.40219.1
Project("{FAE04EC0-301F-11D3-BF4B-00C04F79EFBC}") = "EMagaza", "EMagaza\EMagaza.csproj", "{C212D537-B873-4EC1-BAE7-1036BF234DDA}"
EndProject
Global
	GlobalSection(SolutionConfigurationPlatforms) = preSolution
		Debug|Any CPU = Debug|Any CPU
		Release|Any CPU = Release|Any CPU
	EndGlobalSection
	GlobalSection(ProjectConfigurationPlatforms) = postSolution
		{C212D537-B873-4EC1-BAE7-1036BF234DDA}.Debug|Any CPU.ActiveCfg = Debug|Any CPU
		{C212D537-B873-4EC1-BAE7-1036BF234DDA}.Debug|Any CPU.Build.0 = Debug|Any CPU
		{C212D537-B873-4EC1-BAE7-1036BF234DDA}.Release|Any CPU.ActiveCfg = Release|Any CPU
		{C212D537-B873-4EC1-BAE7-1036BF234DDA}.Release|Any CPU.Build.0 = Release|Any CPU
	EndGlobalSection
	GlobalSection(SolutionProperties) = preSolution
		HideSolutionNode = FALSE
	EndGlobalSection
	GlobalSection(ExtensibilityGlobals) = postSolution
		SolutionGuid = {0D7B0F13-EA69-4CC8-9569-14317515E36A}
	EndGlobalSection
EndGlobal
