
Microsoft Visual Studio Solution File, Format Version 12.00
# Visual Studio Version 16
VisualStudioVersion = 16.0.29324.140
MinimumVisualStudioVersion = 10.0.40219.1
Project("{FAE04EC0-301F-11D3-BF4B-00C04F79EFBC}") = "Kontroller.Android", "Kontroller\Kontroller.Android\Kontroller.Android.csproj", "{9F594CAE-7E15-412F-A4E8-EA3E64F61698}"
EndProject
Project("{FAE04EC0-301F-11D3-BF4B-00C04F79EFBC}") = "Kontroller.iOS", "Kontroller\Kontroller.iOS\Kontroller.iOS.csproj", "{73D04D4F-6909-43C3-95C0-E874BDF32AB2}"
EndProject
Project("{FAE04EC0-301F-11D3-BF4B-00C04F79EFBC}") = "Kontroller", "Kontroller\Kontroller\Kontroller.csproj", "{BFE7A8D7-EF10-4FA3-9991-D87CEE901CEB}"
EndProject
Global
	GlobalSection(SolutionConfigurationPlatforms) = preSolution
		Debug|Any CPU = Debug|Any CPU
		Debug|iPhone = Debug|iPhone
		Debug|iPhoneSimulator = Debug|iPhoneSimulator
		Release|Any CPU = Release|Any CPU
		Release|iPhone = Release|iPhone
		Release|iPhoneSimulator = Release|iPhoneSimulator
	EndGlobalSection
	GlobalSection(ProjectConfigurationPlatforms) = postSolution
		{9F594CAE-7E15-412F-A4E8-EA3E64F61698}.Debug|Any CPU.ActiveCfg = Debug|Any CPU
		{9F594CAE-7E15-412F-A4E8-EA3E64F61698}.Debug|Any CPU.Build.0 = Debug|Any CPU
		{9F594CAE-7E15-412F-A4E8-EA3E64F61698}.Debug|Any CPU.Deploy.0 = Debug|Any CPU
		{9F594CAE-7E15-412F-A4E8-EA3E64F61698}.Debug|iPhone.ActiveCfg = Debug|Any CPU
		{9F594CAE-7E15-412F-A4E8-EA3E64F61698}.Debug|iPhone.Build.0 = Debug|Any CPU
		{9F594CAE-7E15-412F-A4E8-EA3E64F61698}.Debug|iPhone.Deploy.0 = Debug|Any CPU
		{9F594CAE-7E15-412F-A4E8-EA3E64F61698}.Debug|iPhoneSimulator.ActiveCfg = Debug|Any CPU
		{9F594CAE-7E15-412F-A4E8-EA3E64F61698}.Debug|iPhoneSimulator.Build.0 = Debug|Any CPU
		{9F594CAE-7E15-412F-A4E8-EA3E64F61698}.Debug|iPhoneSimulator.Deploy.0 = Debug|Any CPU
		{9F594CAE-7E15-412F-A4E8-EA3E64F61698}.Release|Any CPU.ActiveCfg = Release|Any CPU
		{9F594CAE-7E15-412F-A4E8-EA3E64F61698}.Release|Any CPU.Build.0 = Release|Any CPU
		{9F594CAE-7E15-412F-A4E8-EA3E64F61698}.Release|Any CPU.Deploy.0 = Release|Any CPU
		{9F594CAE-7E15-412F-A4E8-EA3E64F61698}.Release|iPhone.ActiveCfg = Release|Any CPU
		{9F594CAE-7E15-412F-A4E8-EA3E64F61698}.Release|iPhone.Build.0 = Release|Any CPU
		{9F594CAE-7E15-412F-A4E8-EA3E64F61698}.Release|iPhone.Deploy.0 = Release|Any CPU
		{9F594CAE-7E15-412F-A4E8-EA3E64F61698}.Release|iPhoneSimulator.ActiveCfg = Release|Any CPU
		{9F594CAE-7E15-412F-A4E8-EA3E64F61698}.Release|iPhoneSimulator.Build.0 = Release|Any CPU
		{9F594CAE-7E15-412F-A4E8-EA3E64F61698}.Release|iPhoneSimulator.Deploy.0 = Release|Any CPU
		{73D04D4F-6909-43C3-95C0-E874BDF32AB2}.Debug|Any CPU.ActiveCfg = Debug|iPhoneSimulator
		{73D04D4F-6909-43C3-95C0-E874BDF32AB2}.Debug|Any CPU.Build.0 = Debug|iPhoneSimulator
		{73D04D4F-6909-43C3-95C0-E874BDF32AB2}.Debug|Any CPU.Deploy.0 = Debug|iPhoneSimulator
		{73D04D4F-6909-43C3-95C0-E874BDF32AB2}.Debug|iPhone.ActiveCfg = Debug|iPhone
		{73D04D4F-6909-43C3-95C0-E874BDF32AB2}.Debug|iPhone.Build.0 = Debug|iPhone
		{73D04D4F-6909-43C3-95C0-E874BDF32AB2}.Debug|iPhone.Deploy.0 = Debug|iPhone
		{73D04D4F-6909-43C3-95C0-E874BDF32AB2}.Debug|iPhoneSimulator.ActiveCfg = Debug|iPhoneSimulator
		{73D04D4F-6909-43C3-95C0-E874BDF32AB2}.Debug|iPhoneSimulator.Build.0 = Debug|iPhoneSimulator
		{73D04D4F-6909-43C3-95C0-E874BDF32AB2}.Debug|iPhoneSimulator.Deploy.0 = Debug|iPhoneSimulator
		{73D04D4F-6909-43C3-95C0-E874BDF32AB2}.Release|Any CPU.ActiveCfg = Release|iPhone
		{73D04D4F-6909-43C3-95C0-E874BDF32AB2}.Release|Any CPU.Build.0 = Release|iPhone
		{73D04D4F-6909-43C3-95C0-E874BDF32AB2}.Release|Any CPU.Deploy.0 = Release|iPhone
		{73D04D4F-6909-43C3-95C0-E874BDF32AB2}.Release|iPhone.ActiveCfg = Release|iPhone
		{73D04D4F-6909-43C3-95C0-E874BDF32AB2}.Release|iPhone.Build.0 = Release|iPhone
		{73D04D4F-6909-43C3-95C0-E874BDF32AB2}.Release|iPhone.Deploy.0 = Release|iPhone
		{73D04D4F-6909-43C3-95C0-E874BDF32AB2}.Release|iPhoneSimulator.ActiveCfg = Release|iPhoneSimulator
		{73D04D4F-6909-43C3-95C0-E874BDF32AB2}.Release|iPhoneSimulator.Build.0 = Release|iPhoneSimulator
		{73D04D4F-6909-43C3-95C0-E874BDF32AB2}.Release|iPhoneSimulator.Deploy.0 = Release|iPhoneSimulator
		{BFE7A8D7-EF10-4FA3-9991-D87CEE901CEB}.Debug|Any CPU.ActiveCfg = Debug|Any CPU
		{BFE7A8D7-EF10-4FA3-9991-D87CEE901CEB}.Debug|Any CPU.Build.0 = Debug|Any CPU
		{BFE7A8D7-EF10-4FA3-9991-D87CEE901CEB}.Debug|Any CPU.Deploy.0 = Debug|Any CPU
		{BFE7A8D7-EF10-4FA3-9991-D87CEE901CEB}.Debug|iPhone.ActiveCfg = Debug|Any CPU
		{BFE7A8D7-EF10-4FA3-9991-D87CEE901CEB}.Debug|iPhone.Build.0 = Debug|Any CPU
		{BFE7A8D7-EF10-4FA3-9991-D87CEE901CEB}.Debug|iPhone.Deploy.0 = Debug|Any CPU
		{BFE7A8D7-EF10-4FA3-9991-D87CEE901CEB}.Debug|iPhoneSimulator.ActiveCfg = Debug|Any CPU
		{BFE7A8D7-EF10-4FA3-9991-D87CEE901CEB}.Debug|iPhoneSimulator.Build.0 = Debug|Any CPU
		{BFE7A8D7-EF10-4FA3-9991-D87CEE901CEB}.Debug|iPhoneSimulator.Deploy.0 = Debug|Any CPU
		{BFE7A8D7-EF10-4FA3-9991-D87CEE901CEB}.Release|Any CPU.ActiveCfg = Release|Any CPU
		{BFE7A8D7-EF10-4FA3-9991-D87CEE901CEB}.Release|Any CPU.Build.0 = Release|Any CPU
		{BFE7A8D7-EF10-4FA3-9991-D87CEE901CEB}.Release|Any CPU.Deploy.0 = Release|Any CPU
		{BFE7A8D7-EF10-4FA3-9991-D87CEE901CEB}.Release|iPhone.ActiveCfg = Release|Any CPU
		{BFE7A8D7-EF10-4FA3-9991-D87CEE901CEB}.Release|iPhone.Build.0 = Release|Any CPU
		{BFE7A8D7-EF10-4FA3-9991-D87CEE901CEB}.Release|iPhone.Deploy.0 = Release|Any CPU
		{BFE7A8D7-EF10-4FA3-9991-D87CEE901CEB}.Release|iPhoneSimulator.ActiveCfg = Release|Any CPU
		{BFE7A8D7-EF10-4FA3-9991-D87CEE901CEB}.Release|iPhoneSimulator.Build.0 = Release|Any CPU
		{BFE7A8D7-EF10-4FA3-9991-D87CEE901CEB}.Release|iPhoneSimulator.Deploy.0 = Release|Any CPU
	EndGlobalSection
	GlobalSection(SolutionProperties) = preSolution
		HideSolutionNode = FALSE
	EndGlobalSection
	GlobalSection(ExtensibilityGlobals) = postSolution
		SolutionGuid = {3EB89D9A-7C71-4566-B1C0-E19F91F32E4B}
	EndGlobalSection
EndGlobal
