
Microsoft Visual Studio Solution File, Format Version 12.00
# Visual Studio Version 16
VisualStudioVersion = 16.0.29025.244
MinimumVisualStudioVersion = 10.0.40219.1
Project("{FAE04EC0-301F-11D3-BF4B-00C04F79EFBC}") = "FIRMA_ASPX", "FIRMA_ASPX\FIRMA_ASPX.csproj", "{FCAE0EB2-E0A0-4A1B-963F-503BE4761FBF}"
EndProject
Global
	GlobalSection(SolutionConfigurationPlatforms) = preSolution
		Debug|Any CPU = Debug|Any CPU
		Release|Any CPU = Release|Any CPU
	EndGlobalSection
	GlobalSection(ProjectConfigurationPlatforms) = postSolution
		{FCAE0EB2-E0A0-4A1B-963F-503BE4761FBF}.Debug|Any CPU.ActiveCfg = Debug|Any CPU
		{FCAE0EB2-E0A0-4A1B-963F-503BE4761FBF}.Debug|Any CPU.Build.0 = Debug|Any CPU
		{FCAE0EB2-E0A0-4A1B-963F-503BE4761FBF}.Release|Any CPU.ActiveCfg = Release|Any CPU
		{FCAE0EB2-E0A0-4A1B-963F-503BE4761FBF}.Release|Any CPU.Build.0 = Release|Any CPU
	EndGlobalSection
	GlobalSection(SolutionProperties) = preSolution
		HideSolutionNode = FALSE
	EndGlobalSection
	GlobalSection(ExtensibilityGlobals) = postSolution
		SolutionGuid = {08E9C4A1-C564-42CC-A2F6-A9285D033076}
	EndGlobalSection
EndGlobal
