
Microsoft Visual Studio Solution File, Format Version 12.00
# Visual Studio Version 16
VisualStudioVersion = 16.0.29020.237
MinimumVisualStudioVersion = 10.0.40219.1
Project("{FAE04EC0-301F-11D3-BF4B-00C04F79EFBC}") = "PRATİK", "PRATİK\PRATİK.csproj", "{B7EF985B-4CD5-40A4-9467-2E58058B71C1}"
EndProject
Global
	GlobalSection(SolutionConfigurationPlatforms) = preSolution
		Debug|Any CPU = Debug|Any CPU
		Release|Any CPU = Release|Any CPU
	EndGlobalSection
	GlobalSection(ProjectConfigurationPlatforms) = postSolution
		{B7EF985B-4CD5-40A4-9467-2E58058B71C1}.Debug|Any CPU.ActiveCfg = Debug|Any CPU
		{B7EF985B-4CD5-40A4-9467-2E58058B71C1}.Debug|Any CPU.Build.0 = Debug|Any CPU
		{B7EF985B-4CD5-40A4-9467-2E58058B71C1}.Release|Any CPU.ActiveCfg = Release|Any CPU
		{B7EF985B-4CD5-40A4-9467-2E58058B71C1}.Release|Any CPU.Build.0 = Release|Any CPU
	EndGlobalSection
	GlobalSection(SolutionProperties) = preSolution
		HideSolutionNode = FALSE
	EndGlobalSection
	GlobalSection(ExtensibilityGlobals) = postSolution
		SolutionGuid = {649E75E2-E4AB-4087-A22C-F62A6CD48268}
	EndGlobalSection
EndGlobal
