
Microsoft Visual Studio Solution File, Format Version 12.00
# Visual Studio Version 16
VisualStudioVersion = 16.0.29020.237
MinimumVisualStudioVersion = 10.0.40219.1
Project("{FAE04EC0-301F-11D3-BF4B-00C04F79EFBC}") = "WpfExample", "WpfExample\WpfExample.csproj", "{C938E130-3D9B-403A-8DB7-4297341F4067}"
EndProject
Global
	GlobalSection(SolutionConfigurationPlatforms) = preSolution
		Debug|Any CPU = Debug|Any CPU
		Release|Any CPU = Release|Any CPU
	EndGlobalSection
	GlobalSection(ProjectConfigurationPlatforms) = postSolution
		{C938E130-3D9B-403A-8DB7-4297341F4067}.Debug|Any CPU.ActiveCfg = Debug|Any CPU
		{C938E130-3D9B-403A-8DB7-4297341F4067}.Debug|Any CPU.Build.0 = Debug|Any CPU
		{C938E130-3D9B-403A-8DB7-4297341F4067}.Release|Any CPU.ActiveCfg = Release|Any CPU
		{C938E130-3D9B-403A-8DB7-4297341F4067}.Release|Any CPU.Build.0 = Release|Any CPU
	EndGlobalSection
	GlobalSection(SolutionProperties) = preSolution
		HideSolutionNode = FALSE
	EndGlobalSection
	GlobalSection(ExtensibilityGlobals) = postSolution
		SolutionGuid = {56DF9558-2918-44B7-8240-FFFC868E4BE3}
	EndGlobalSection
EndGlobal
