
Microsoft Visual Studio Solution File, Format Version 12.00
# Visual Studio Version 16
VisualStudioVersion = 16.0.29020.237
MinimumVisualStudioVersion = 10.0.40219.1
Project("{FAE04EC0-301F-11D3-BF4B-00C04F79EFBC}") = "LambdaIfadeler", "LambdaIfadeler\LambdaIfadeler.csproj", "{DF898675-2126-4F08-9401-E652957B1E0A}"
EndProject
Global
	GlobalSection(SolutionConfigurationPlatforms) = preSolution
		Debug|Any CPU = Debug|Any CPU
		Release|Any CPU = Release|Any CPU
	EndGlobalSection
	GlobalSection(ProjectConfigurationPlatforms) = postSolution
		{DF898675-2126-4F08-9401-E652957B1E0A}.Debug|Any CPU.ActiveCfg = Debug|Any CPU
		{DF898675-2126-4F08-9401-E652957B1E0A}.Debug|Any CPU.Build.0 = Debug|Any CPU
		{DF898675-2126-4F08-9401-E652957B1E0A}.Release|Any CPU.ActiveCfg = Release|Any CPU
		{DF898675-2126-4F08-9401-E652957B1E0A}.Release|Any CPU.Build.0 = Release|Any CPU
	EndGlobalSection
	GlobalSection(SolutionProperties) = preSolution
		HideSolutionNode = FALSE
	EndGlobalSection
	GlobalSection(ExtensibilityGlobals) = postSolution
		SolutionGuid = {12FC75AD-3F95-451B-8A3A-CA3EDC0DCDD0}
	EndGlobalSection
EndGlobal
