
Microsoft Visual Studio Solution File, Format Version 12.00
# Visual Studio Version 16
VisualStudioVersion = 16.0.29324.140
MinimumVisualStudioVersion = 10.0.40219.1
Project("{FAE04EC0-301F-11D3-BF4B-00C04F79EFBC}") = "Singleton", "TasarimDesenleri\Singleton.csproj", "{82514B9F-F094-45C2-8DE0-95D4AD492A2A}"
EndProject
Project("{FAE04EC0-301F-11D3-BF4B-00C04F79EFBC}") = "Factory", "Factory\Factory.csproj", "{14015251-69DC-428B-A770-33FFEC1A3B78}"
EndProject
Project("{FAE04EC0-301F-11D3-BF4B-00C04F79EFBC}") = "ProtoType", "ProtoType\ProtoType.csproj", "{7CB71BAA-92B1-4D2C-99BA-A8FE239FBCC5}"
EndProject
Project("{FAE04EC0-301F-11D3-BF4B-00C04F79EFBC}") = "TamCache", "TamCache\TamCache.csproj", "{5E1DF474-B0A0-43E9-B052-6C9C2EB1B66A}"
EndProject
Project("{FAE04EC0-301F-11D3-BF4B-00C04F79EFBC}") = "AbstractFactory", "AbstractFactory\AbstractFactory.csproj", "{A1E8FDBF-A47F-4DF9-AEFE-B4404442D66F}"
EndProject
Project("{FAE04EC0-301F-11D3-BF4B-00C04F79EFBC}") = "Builder", "Builder\Builder.csproj", "{62F93D9B-F196-4C5D-9176-0F358A5854AB}"
EndProject
Project("{FAE04EC0-301F-11D3-BF4B-00C04F79EFBC}") = "Adaptor", "Adaptor\Adaptor.csproj", "{1A0B6636-81B9-4E55-8A53-9715D2CF8B8D}"
EndProject
Project("{FAE04EC0-301F-11D3-BF4B-00C04F79EFBC}") = "Proxy", "Proxy\Proxy.csproj", "{32DC6AE1-230A-4607-9949-136F2D1B79EB}"
EndProject
Global
	GlobalSection(SolutionConfigurationPlatforms) = preSolution
		Debug|Any CPU = Debug|Any CPU
		Release|Any CPU = Release|Any CPU
	EndGlobalSection
	GlobalSection(ProjectConfigurationPlatforms) = postSolution
		{82514B9F-F094-45C2-8DE0-95D4AD492A2A}.Debug|Any CPU.ActiveCfg = Debug|Any CPU
		{82514B9F-F094-45C2-8DE0-95D4AD492A2A}.Debug|Any CPU.Build.0 = Debug|Any CPU
		{82514B9F-F094-45C2-8DE0-95D4AD492A2A}.Release|Any CPU.ActiveCfg = Release|Any CPU
		{82514B9F-F094-45C2-8DE0-95D4AD492A2A}.Release|Any CPU.Build.0 = Release|Any CPU
		{14015251-69DC-428B-A770-33FFEC1A3B78}.Debug|Any CPU.ActiveCfg = Debug|Any CPU
		{14015251-69DC-428B-A770-33FFEC1A3B78}.Debug|Any CPU.Build.0 = Debug|Any CPU
		{14015251-69DC-428B-A770-33FFEC1A3B78}.Release|Any CPU.ActiveCfg = Release|Any CPU
		{14015251-69DC-428B-A770-33FFEC1A3B78}.Release|Any CPU.Build.0 = Release|Any CPU
		{7CB71BAA-92B1-4D2C-99BA-A8FE239FBCC5}.Debug|Any CPU.ActiveCfg = Debug|Any CPU
		{7CB71BAA-92B1-4D2C-99BA-A8FE239FBCC5}.Debug|Any CPU.Build.0 = Debug|Any CPU
		{7CB71BAA-92B1-4D2C-99BA-A8FE239FBCC5}.Release|Any CPU.ActiveCfg = Release|Any CPU
		{7CB71BAA-92B1-4D2C-99BA-A8FE239FBCC5}.Release|Any CPU.Build.0 = Release|Any CPU
		{5E1DF474-B0A0-43E9-B052-6C9C2EB1B66A}.Debug|Any CPU.ActiveCfg = Debug|Any CPU
		{5E1DF474-B0A0-43E9-B052-6C9C2EB1B66A}.Debug|Any CPU.Build.0 = Debug|Any CPU
		{5E1DF474-B0A0-43E9-B052-6C9C2EB1B66A}.Release|Any CPU.ActiveCfg = Release|Any CPU
		{5E1DF474-B0A0-43E9-B052-6C9C2EB1B66A}.Release|Any CPU.Build.0 = Release|Any CPU
		{A1E8FDBF-A47F-4DF9-AEFE-B4404442D66F}.Debug|Any CPU.ActiveCfg = Debug|Any CPU
		{A1E8FDBF-A47F-4DF9-AEFE-B4404442D66F}.Debug|Any CPU.Build.0 = Debug|Any CPU
		{A1E8FDBF-A47F-4DF9-AEFE-B4404442D66F}.Release|Any CPU.ActiveCfg = Release|Any CPU
		{A1E8FDBF-A47F-4DF9-AEFE-B4404442D66F}.Release|Any CPU.Build.0 = Release|Any CPU
		{62F93D9B-F196-4C5D-9176-0F358A5854AB}.Debug|Any CPU.ActiveCfg = Debug|Any CPU
		{62F93D9B-F196-4C5D-9176-0F358A5854AB}.Debug|Any CPU.Build.0 = Debug|Any CPU
		{62F93D9B-F196-4C5D-9176-0F358A5854AB}.Release|Any CPU.ActiveCfg = Release|Any CPU
		{62F93D9B-F196-4C5D-9176-0F358A5854AB}.Release|Any CPU.Build.0 = Release|Any CPU
		{1A0B6636-81B9-4E55-8A53-9715D2CF8B8D}.Debug|Any CPU.ActiveCfg = Debug|Any CPU
		{1A0B6636-81B9-4E55-8A53-9715D2CF8B8D}.Debug|Any CPU.Build.0 = Debug|Any CPU
		{1A0B6636-81B9-4E55-8A53-9715D2CF8B8D}.Release|Any CPU.ActiveCfg = Release|Any CPU
		{1A0B6636-81B9-4E55-8A53-9715D2CF8B8D}.Release|Any CPU.Build.0 = Release|Any CPU
		{32DC6AE1-230A-4607-9949-136F2D1B79EB}.Debug|Any CPU.ActiveCfg = Debug|Any CPU
		{32DC6AE1-230A-4607-9949-136F2D1B79EB}.Debug|Any CPU.Build.0 = Debug|Any CPU
		{32DC6AE1-230A-4607-9949-136F2D1B79EB}.Release|Any CPU.ActiveCfg = Release|Any CPU
		{32DC6AE1-230A-4607-9949-136F2D1B79EB}.Release|Any CPU.Build.0 = Release|Any CPU
	EndGlobalSection
	GlobalSection(SolutionProperties) = preSolution
		HideSolutionNode = FALSE
	EndGlobalSection
	GlobalSection(ExtensibilityGlobals) = postSolution
		SolutionGuid = {9E056406-1B67-4BB7-B541-6DFE886681CF}
	EndGlobalSection
EndGlobal
