
Microsoft Visual Studio Solution File, Format Version 12.00
# Visual Studio Version 16
VisualStudioVersion = 16.0.29020.237
MinimumVisualStudioVersion = 10.0.40219.1
Project("{FAE04EC0-301F-11D3-BF4B-00C04F79EFBC}") = "Exception", "Exception\Exception.csproj", "{AC344324-3B02-4579-A808-933169349214}"
EndProject
Global
	GlobalSection(SolutionConfigurationPlatforms) = preSolution
		Debug|Any CPU = Debug|Any CPU
		Release|Any CPU = Release|Any CPU
	EndGlobalSection
	GlobalSection(ProjectConfigurationPlatforms) = postSolution
		{AC344324-3B02-4579-A808-933169349214}.Debug|Any CPU.ActiveCfg = Debug|Any CPU
		{AC344324-3B02-4579-A808-933169349214}.Debug|Any CPU.Build.0 = Debug|Any CPU
		{AC344324-3B02-4579-A808-933169349214}.Release|Any CPU.ActiveCfg = Release|Any CPU
		{AC344324-3B02-4579-A808-933169349214}.Release|Any CPU.Build.0 = Release|Any CPU
	EndGlobalSection
	GlobalSection(SolutionProperties) = preSolution
		HideSolutionNode = FALSE
	EndGlobalSection
	GlobalSection(ExtensibilityGlobals) = postSolution
		SolutionGuid = {1C9FB8D3-ECD8-4F06-BA3F-E6401A5E35D2}
	EndGlobalSection
EndGlobal
