
Microsoft Visual Studio Solution File, Format Version 12.00
# Visual Studio Version 16
VisualStudioVersion = 16.0.29020.237
MinimumVisualStudioVersion = 10.0.40219.1
Project("{FAE04EC0-301F-11D3-BF4B-00C04F79EFBC}") = "GUNLUK", "GUNLUK\GUNLUK.csproj", "{EAFF3A3F-7BD6-4DE6-A5A8-6C55EB487D8E}"
EndProject
Global
	GlobalSection(SolutionConfigurationPlatforms) = preSolution
		Debug|Any CPU = Debug|Any CPU
		Release|Any CPU = Release|Any CPU
	EndGlobalSection
	GlobalSection(ProjectConfigurationPlatforms) = postSolution
		{EAFF3A3F-7BD6-4DE6-A5A8-6C55EB487D8E}.Debug|Any CPU.ActiveCfg = Debug|Any CPU
		{EAFF3A3F-7BD6-4DE6-A5A8-6C55EB487D8E}.Debug|Any CPU.Build.0 = Debug|Any CPU
		{EAFF3A3F-7BD6-4DE6-A5A8-6C55EB487D8E}.Release|Any CPU.ActiveCfg = Release|Any CPU
		{EAFF3A3F-7BD6-4DE6-A5A8-6C55EB487D8E}.Release|Any CPU.Build.0 = Release|Any CPU
	EndGlobalSection
	GlobalSection(SolutionProperties) = preSolution
		HideSolutionNode = FALSE
	EndGlobalSection
	GlobalSection(ExtensibilityGlobals) = postSolution
		SolutionGuid = {3ACF1164-594E-40DE-B19A-2DC13FDF0250}
	EndGlobalSection
EndGlobal
