
Microsoft Visual Studio Solution File, Format Version 12.00
# Visual Studio Version 16
VisualStudioVersion = 16.0.29020.237
MinimumVisualStudioVersion = 10.0.40219.1
Project("{FAE04EC0-301F-11D3-BF4B-00C04F79EFBC}") = "EntityOnHazırlık", "EntityOnHazırlık\EntityOnHazırlık.csproj", "{E499E980-F62C-4F68-831C-21B7C72E86DB}"
EndProject
Global
	GlobalSection(SolutionConfigurationPlatforms) = preSolution
		Debug|Any CPU = Debug|Any CPU
		Release|Any CPU = Release|Any CPU
	EndGlobalSection
	GlobalSection(ProjectConfigurationPlatforms) = postSolution
		{E499E980-F62C-4F68-831C-21B7C72E86DB}.Debug|Any CPU.ActiveCfg = Debug|Any CPU
		{E499E980-F62C-4F68-831C-21B7C72E86DB}.Debug|Any CPU.Build.0 = Debug|Any CPU
		{E499E980-F62C-4F68-831C-21B7C72E86DB}.Release|Any CPU.ActiveCfg = Release|Any CPU
		{E499E980-F62C-4F68-831C-21B7C72E86DB}.Release|Any CPU.Build.0 = Release|Any CPU
	EndGlobalSection
	GlobalSection(SolutionProperties) = preSolution
		HideSolutionNode = FALSE
	EndGlobalSection
	GlobalSection(ExtensibilityGlobals) = postSolution
		SolutionGuid = {E74201D0-9EC8-4F31-AF51-ED84F2CF5E53}
	EndGlobalSection
EndGlobal
