
Microsoft Visual Studio Solution File, Format Version 12.00
# Visual Studio Version 16
VisualStudioVersion = 16.0.29020.237
MinimumVisualStudioVersion = 10.0.40219.1
Project("{FAE04EC0-301F-11D3-BF4B-00C04F79EFBC}") = "JavaMotosikletleri", "JavaMotosikletleri\JavaMotosikletleri.csproj", "{D3FDEF26-3F11-44AC-BCDD-690E9B43B327}"
EndProject
Global
	GlobalSection(SolutionConfigurationPlatforms) = preSolution
		Debug|Any CPU = Debug|Any CPU
		Release|Any CPU = Release|Any CPU
	EndGlobalSection
	GlobalSection(ProjectConfigurationPlatforms) = postSolution
		{D3FDEF26-3F11-44AC-BCDD-690E9B43B327}.Debug|Any CPU.ActiveCfg = Debug|Any CPU
		{D3FDEF26-3F11-44AC-BCDD-690E9B43B327}.Debug|Any CPU.Build.0 = Debug|Any CPU
		{D3FDEF26-3F11-44AC-BCDD-690E9B43B327}.Release|Any CPU.ActiveCfg = Release|Any CPU
		{D3FDEF26-3F11-44AC-BCDD-690E9B43B327}.Release|Any CPU.Build.0 = Release|Any CPU
	EndGlobalSection
	GlobalSection(SolutionProperties) = preSolution
		HideSolutionNode = FALSE
	EndGlobalSection
	GlobalSection(ExtensibilityGlobals) = postSolution
		SolutionGuid = {9DFB000A-3A46-4CFB-8D50-4ADFED9A730A}
	EndGlobalSection
EndGlobal
